
Microsoft Visual Studio Solution File, Format Version 12.00
# Visual Studio 14
VisualStudioVersion = 14.0.25420.1
MinimumVisualStudioVersion = 10.0.40219.1
Project("{FAE04EC0-301F-11D3-BF4B-00C04F79EFBC}") = "Osrs.Numerics.Spatial", "Osrs.Numerics.Spatial\Osrs.Numerics.Spatial.csproj", "{3CCDF20F-BFBB-4600-A9A9-EF3C111BF953}"
EndProject
Project("{FAE04EC0-301F-11D3-BF4B-00C04F79EFBC}") = "Osrs.Numerics.Spatial.Geometry.Double", "Osrs.Numerics.Spatial.Geometry.Double\Osrs.Numerics.Spatial.Geometry.Double.csproj", "{AD62BA47-05C5-4DE1-B292-EA16FD8530F3}"
EndProject
Project("{FAE04EC0-301F-11D3-BF4B-00C04F79EFBC}") = "Osrs.Numerics.Spatial.Geometry.Ogc", "Osrs.Numerics.Spatial.Geometry.Ogc\Osrs.Numerics.Spatial.Geometry.Ogc.csproj", "{BD5C150E-2FD7-4C44-A99F-4E7B330846AC}"
EndProject
Project("{FAE04EC0-301F-11D3-BF4B-00C04F79EFBC}") = "Osrs.Numerics.Spatial.Geometry.GeoJson", "Osrs.Numerics.Spatial.Geometry.GeoJson\Osrs.Numerics.Spatial.Geometry.GeoJson.csproj", "{ED316826-48E8-4898-AA6F-F088EF52D789}"
EndProject
Project("{FAE04EC0-301F-11D3-BF4B-00C04F79EFBC}") = "TestingApp", "TestingApp\TestingApp.csproj", "{8F3968B1-83D6-4D2B-8B66-E3949BA7DC37}"
EndProject
Project("{FAE04EC0-301F-11D3-BF4B-00C04F79EFBC}") = "Osrs.Numerics.Spatial.Postgres", "Osrs.Numerics.Spatial.Postgres\Osrs.Numerics.Spatial.Postgres.csproj", "{24BF6230-A784-4814-A868-8001F294EC30}"
EndProject
Global
	GlobalSection(SolutionConfigurationPlatforms) = preSolution
		Debug|Any CPU = Debug|Any CPU
		Release|Any CPU = Release|Any CPU
	EndGlobalSection
	GlobalSection(ProjectConfigurationPlatforms) = postSolution
		{3CCDF20F-BFBB-4600-A9A9-EF3C111BF953}.Debug|Any CPU.ActiveCfg = Debug|Any CPU
		{3CCDF20F-BFBB-4600-A9A9-EF3C111BF953}.Debug|Any CPU.Build.0 = Debug|Any CPU
		{3CCDF20F-BFBB-4600-A9A9-EF3C111BF953}.Release|Any CPU.ActiveCfg = Release|Any CPU
		{3CCDF20F-BFBB-4600-A9A9-EF3C111BF953}.Release|Any CPU.Build.0 = Release|Any CPU
		{AD62BA47-05C5-4DE1-B292-EA16FD8530F3}.Debug|Any CPU.ActiveCfg = Debug|Any CPU
		{AD62BA47-05C5-4DE1-B292-EA16FD8530F3}.Debug|Any CPU.Build.0 = Debug|Any CPU
		{AD62BA47-05C5-4DE1-B292-EA16FD8530F3}.Release|Any CPU.ActiveCfg = Release|Any CPU
		{AD62BA47-05C5-4DE1-B292-EA16FD8530F3}.Release|Any CPU.Build.0 = Release|Any CPU
		{BD5C150E-2FD7-4C44-A99F-4E7B330846AC}.Debug|Any CPU.ActiveCfg = Debug|Any CPU
		{BD5C150E-2FD7-4C44-A99F-4E7B330846AC}.Debug|Any CPU.Build.0 = Debug|Any CPU
		{BD5C150E-2FD7-4C44-A99F-4E7B330846AC}.Release|Any CPU.ActiveCfg = Release|Any CPU
		{BD5C150E-2FD7-4C44-A99F-4E7B330846AC}.Release|Any CPU.Build.0 = Release|Any CPU
		{ED316826-48E8-4898-AA6F-F088EF52D789}.Debug|Any CPU.ActiveCfg = Debug|Any CPU
		{ED316826-48E8-4898-AA6F-F088EF52D789}.Debug|Any CPU.Build.0 = Debug|Any CPU
		{ED316826-48E8-4898-AA6F-F088EF52D789}.Release|Any CPU.ActiveCfg = Release|Any CPU
		{ED316826-48E8-4898-AA6F-F088EF52D789}.Release|Any CPU.Build.0 = Release|Any CPU
		{8F3968B1-83D6-4D2B-8B66-E3949BA7DC37}.Debug|Any CPU.ActiveCfg = Debug|Any CPU
		{8F3968B1-83D6-4D2B-8B66-E3949BA7DC37}.Debug|Any CPU.Build.0 = Debug|Any CPU
		{8F3968B1-83D6-4D2B-8B66-E3949BA7DC37}.Release|Any CPU.ActiveCfg = Release|Any CPU
		{8F3968B1-83D6-4D2B-8B66-E3949BA7DC37}.Release|Any CPU.Build.0 = Release|Any CPU
		{24BF6230-A784-4814-A868-8001F294EC30}.Debug|Any CPU.ActiveCfg = Debug|Any CPU
		{24BF6230-A784-4814-A868-8001F294EC30}.Debug|Any CPU.Build.0 = Debug|Any CPU
		{24BF6230-A784-4814-A868-8001F294EC30}.Release|Any CPU.ActiveCfg = Release|Any CPU
		{24BF6230-A784-4814-A868-8001F294EC30}.Release|Any CPU.Build.0 = Release|Any CPU
	EndGlobalSection
	GlobalSection(SolutionProperties) = preSolution
		HideSolutionNode = FALSE
	EndGlobalSection
EndGlobal
